// !$*UTF8*$!
{
	archiveVersion = 1;
	classes = {
	};
	objectVersion = 56;
	objects = {

/* Begin PBXBuildFile section */
		E47D37F929B6F3A800113489 /* FirebaseAuth in Frameworks */ = {isa = PBXBuildFile; productRef = E47D37F829B6F3A800113489 /* FirebaseAuth */; };
		E47D380C29B70C4400113489 /* LoginView.swift in Sources */ = {isa = PBXBuildFile; fileRef = E47D380929B70C4400113489 /* LoginView.swift */; };
		E47D380D29B70C4400113489 /* AuthView.swift in Sources */ = {isa = PBXBuildFile; fileRef = E47D380A29B70C4400113489 /* AuthView.swift */; };
		E47D380E29B70C4400113489 /* SignupView.swift in Sources */ = {isa = PBXBuildFile; fileRef = E47D380B29B70C4400113489 /* SignupView.swift */; };
		E47D381029B70C9000113489 /* String.swift in Sources */ = {isa = PBXBuildFile; fileRef = E47D380F29B70C9000113489 /* String.swift */; };
		E4F5E2B429B9940F00E05189 /* NavBarView.swift in Sources */ = {isa = PBXBuildFile; fileRef = E4F5E2B329B9940F00E05189 /* NavBarView.swift */; };
		E4F5E2B629B9A37900E05189 /* BLE.swift in Sources */ = {isa = PBXBuildFile; fileRef = E4F5E2B529B9A37900E05189 /* BLE.swift */; };
		E4FA12A629B335A300C65F06 /* ProjectCS_4thYearApp.swift in Sources */ = {isa = PBXBuildFile; fileRef = E4FA12A529B335A300C65F06 /* ProjectCS_4thYearApp.swift */; };
		E4FA12A829B335A300C65F06 /* ContentView.swift in Sources */ = {isa = PBXBuildFile; fileRef = E4FA12A729B335A300C65F06 /* ContentView.swift */; };
		E4FA12AA29B335A400C65F06 /* Assets.xcassets in Resources */ = {isa = PBXBuildFile; fileRef = E4FA12A929B335A400C65F06 /* Assets.xcassets */; };
		E4FA12AD29B335A400C65F06 /* Preview Assets.xcassets in Resources */ = {isa = PBXBuildFile; fileRef = E4FA12AC29B335A400C65F06 /* Preview Assets.xcassets */; };
		E4FA12B429B3374600C65F06 /* GoogleService-Info.plist in Resources */ = {isa = PBXBuildFile; fileRef = E4FA12B329B3374600C65F06 /* GoogleService-Info.plist */; };
		E4FA12B729B3379800C65F06 /* FirebaseFirestore in Frameworks */ = {isa = PBXBuildFile; productRef = E4FA12B629B3379800C65F06 /* FirebaseFirestore */; };
		E4FA12B929B3381C00C65F06 /* action.swift in Sources */ = {isa = PBXBuildFile; fileRef = E4FA12B829B3381C00C65F06 /* action.swift */; };
		E4FA12BB29B3383600C65F06 /* bluetooth.swift in Sources */ = {isa = PBXBuildFile; fileRef = E4FA12BA29B3383600C65F06 /* bluetooth.swift */; };
		E4FA12BD29B3385300C65F06 /* Business.swift in Sources */ = {isa = PBXBuildFile; fileRef = E4FA12BC29B3385300C65F06 /* Business.swift */; };
		E4FA12BF29B3386A00C65F06 /* BusinessView.swift in Sources */ = {isa = PBXBuildFile; fileRef = E4FA12BE29B3386A00C65F06 /* BusinessView.swift */; };
		E4FA12C129B3388B00C65F06 /* createnewaccountUIView.swift in Sources */ = {isa = PBXBuildFile; fileRef = E4FA12C029B3388B00C65F06 /* createnewaccountUIView.swift */; };
		E4FA12C329B338B400C65F06 /* historyView.swift in Sources */ = {isa = PBXBuildFile; fileRef = E4FA12C229B338B400C65F06 /* historyView.swift */; };
		E4FA12C729B338F100C65F06 /* liveView.swift in Sources */ = {isa = PBXBuildFile; fileRef = E4FA12C629B338F100C65F06 /* liveView.swift */; };
		E4FA12C929B3391200C65F06 /* mapController.swift in Sources */ = {isa = PBXBuildFile; fileRef = E4FA12C829B3391200C65F06 /* mapController.swift */; };
		E4FA12CB29B3392900C65F06 /* mapView.swift in Sources */ = {isa = PBXBuildFile; fileRef = E4FA12CA29B3392900C65F06 /* mapView.swift */; };
		E4FA12CD29B3394000C65F06 /* myProfileView.swift in Sources */ = {isa = PBXBuildFile; fileRef = E4FA12CC29B3394000C65F06 /* myProfileView.swift */; };
		E4FA12CF29B3395D00C65F06 /* NavigationView.swift in Sources */ = {isa = PBXBuildFile; fileRef = E4FA12CE29B3395D00C65F06 /* NavigationView.swift */; };
		E4FA12D129B3399F00C65F06 /* users.swift in Sources */ = {isa = PBXBuildFile; fileRef = E4FA12D029B3399F00C65F06 /* users.swift */; };
		E4FA12D329B339B800C65F06 /* variables.swift in Sources */ = {isa = PBXBuildFile; fileRef = E4FA12D229B339B800C65F06 /* variables.swift */; };
		E4FA12D529B339CB00C65F06 /* viewModel.swift in Sources */ = {isa = PBXBuildFile; fileRef = E4FA12D429B339CB00C65F06 /* viewModel.swift */; };
		E4FA12D729B339DC00C65F06 /* viewView.swift in Sources */ = {isa = PBXBuildFile; fileRef = E4FA12D629B339DC00C65F06 /* viewView.swift */; };
/* End PBXBuildFile section */

/* Begin PBXFileReference section */
		E47D37C629B3EF3400113489 /* ProjectCS-4thYear-Info.plist */ = {isa = PBXFileReference; lastKnownFileType = text.plist; path = "ProjectCS-4thYear-Info.plist"; sourceTree = SOURCE_ROOT; };
		E47D380929B70C4400113489 /* LoginView.swift */ = {isa = PBXFileReference; fileEncoding = 4; lastKnownFileType = sourcecode.swift; path = LoginView.swift; sourceTree = "<group>"; };
		E47D380A29B70C4400113489 /* AuthView.swift */ = {isa = PBXFileReference; fileEncoding = 4; lastKnownFileType = sourcecode.swift; path = AuthView.swift; sourceTree = "<group>"; };
		E47D380B29B70C4400113489 /* SignupView.swift */ = {isa = PBXFileReference; fileEncoding = 4; lastKnownFileType = sourcecode.swift; path = SignupView.swift; sourceTree = "<group>"; };
		E47D380F29B70C9000113489 /* String.swift */ = {isa = PBXFileReference; fileEncoding = 4; lastKnownFileType = sourcecode.swift; path = String.swift; sourceTree = "<group>"; };
		E4F5E2B329B9940F00E05189 /* NavBarView.swift */ = {isa = PBXFileReference; lastKnownFileType = sourcecode.swift; path = NavBarView.swift; sourceTree = "<group>"; };
		E4F5E2B529B9A37900E05189 /* BLE.swift */ = {isa = PBXFileReference; lastKnownFileType = sourcecode.swift; path = BLE.swift; sourceTree = "<group>"; };
		E4FA12A229B335A300C65F06 /* ProjectCS_4thYear.app */ = {isa = PBXFileReference; explicitFileType = wrapper.application; includeInIndex = 0; path = ProjectCS_4thYear.app; sourceTree = BUILT_PRODUCTS_DIR; };
		E4FA12A529B335A300C65F06 /* ProjectCS_4thYearApp.swift */ = {isa = PBXFileReference; lastKnownFileType = sourcecode.swift; path = ProjectCS_4thYearApp.swift; sourceTree = "<group>"; };
		E4FA12A729B335A300C65F06 /* ContentView.swift */ = {isa = PBXFileReference; lastKnownFileType = sourcecode.swift; path = ContentView.swift; sourceTree = "<group>"; };
		E4FA12A929B335A400C65F06 /* Assets.xcassets */ = {isa = PBXFileReference; lastKnownFileType = folder.assetcatalog; path = Assets.xcassets; sourceTree = "<group>"; };
		E4FA12AC29B335A400C65F06 /* Preview Assets.xcassets */ = {isa = PBXFileReference; lastKnownFileType = folder.assetcatalog; path = "Preview Assets.xcassets"; sourceTree = "<group>"; };
		E4FA12B329B3374600C65F06 /* GoogleService-Info.plist */ = {isa = PBXFileReference; lastKnownFileType = text.plist; path = "GoogleService-Info.plist"; sourceTree = SOURCE_ROOT; };
		E4FA12B829B3381C00C65F06 /* action.swift */ = {isa = PBXFileReference; lastKnownFileType = sourcecode.swift; path = action.swift; sourceTree = "<group>"; };
		E4FA12BA29B3383600C65F06 /* bluetooth.swift */ = {isa = PBXFileReference; lastKnownFileType = sourcecode.swift; path = bluetooth.swift; sourceTree = "<group>"; };
		E4FA12BC29B3385300C65F06 /* Business.swift */ = {isa = PBXFileReference; lastKnownFileType = sourcecode.swift; path = Business.swift; sourceTree = "<group>"; };
		E4FA12BE29B3386A00C65F06 /* BusinessView.swift */ = {isa = PBXFileReference; lastKnownFileType = sourcecode.swift; path = BusinessView.swift; sourceTree = "<group>"; };
		E4FA12C029B3388B00C65F06 /* createnewaccountUIView.swift */ = {isa = PBXFileReference; lastKnownFileType = sourcecode.swift; path = createnewaccountUIView.swift; sourceTree = "<group>"; };
		E4FA12C229B338B400C65F06 /* historyView.swift */ = {isa = PBXFileReference; lastKnownFileType = sourcecode.swift; path = historyView.swift; sourceTree = "<group>"; };
		E4FA12C629B338F100C65F06 /* liveView.swift */ = {isa = PBXFileReference; lastKnownFileType = sourcecode.swift; path = liveView.swift; sourceTree = "<group>"; };
		E4FA12C829B3391200C65F06 /* mapController.swift */ = {isa = PBXFileReference; lastKnownFileType = sourcecode.swift; path = mapController.swift; sourceTree = "<group>"; };
		E4FA12CA29B3392900C65F06 /* mapView.swift */ = {isa = PBXFileReference; lastKnownFileType = sourcecode.swift; path = mapView.swift; sourceTree = "<group>"; };
		E4FA12CC29B3394000C65F06 /* myProfileView.swift */ = {isa = PBXFileReference; lastKnownFileType = sourcecode.swift; path = myProfileView.swift; sourceTree = "<group>"; };
		E4FA12CE29B3395D00C65F06 /* NavigationView.swift */ = {isa = PBXFileReference; lastKnownFileType = sourcecode.swift; path = NavigationView.swift; sourceTree = "<group>"; };
		E4FA12D029B3399F00C65F06 /* users.swift */ = {isa = PBXFileReference; lastKnownFileType = sourcecode.swift; path = users.swift; sourceTree = "<group>"; };
		E4FA12D229B339B800C65F06 /* variables.swift */ = {isa = PBXFileReference; lastKnownFileType = sourcecode.swift; path = variables.swift; sourceTree = "<group>"; };
		E4FA12D429B339CB00C65F06 /* viewModel.swift */ = {isa = PBXFileReference; lastKnownFileType = sourcecode.swift; path = viewModel.swift; sourceTree = "<group>"; };
		E4FA12D629B339DC00C65F06 /* viewView.swift */ = {isa = PBXFileReference; lastKnownFileType = sourcecode.swift; path = viewView.swift; sourceTree = "<group>"; };
/* End PBXFileReference section */

/* Begin PBXFrameworksBuildPhase section */
		E4FA129F29B335A300C65F06 /* Frameworks */ = {
			isa = PBXFrameworksBuildPhase;
			buildActionMask = 2147483647;
			files = (
				E4FA12B729B3379800C65F06 /* FirebaseFirestore in Frameworks */,
				E47D37F929B6F3A800113489 /* FirebaseAuth in Frameworks */,
			);
			runOnlyForDeploymentPostprocessing = 0;
		};
/* End PBXFrameworksBuildPhase section */

/* Begin PBXGroup section */
		E47D37F729B6F3A800113489 /* Frameworks */ = {
			isa = PBXGroup;
			children = (
			);
			name = Frameworks;
			sourceTree = "<group>";
		};
		E47D37FC29B6F5F800113489 /* Feature */ = {
			isa = PBXGroup;
			children = (
			);
			path = Feature;
			sourceTree = "<group>";
		};
		E47D37FD29B6F61400113489 /* base */ = {
			isa = PBXGroup;
			children = (
				E47D37FE29B6F63E00113489 /* views */,
			);
			path = base;
			sourceTree = "<group>";
		};
		E47D37FE29B6F63E00113489 /* views */ = {
			isa = PBXGroup;
			children = (
				E47D380F29B70C9000113489 /* String.swift */,
				E47D380A29B70C4400113489 /* AuthView.swift */,
				E47D380929B70C4400113489 /* LoginView.swift */,
				E47D380B29B70C4400113489 /* SignupView.swift */,
			);
			path = views;
			sourceTree = "<group>";
		};
		E4FA129929B335A300C65F06 = {
			isa = PBXGroup;
			children = (
				E4FA12A429B335A300C65F06 /* ProjectCS_4thYear */,
				E4FA12A329B335A300C65F06 /* Products */,
				E47D37F729B6F3A800113489 /* Frameworks */,
			);
			sourceTree = "<group>";
		};
		E4FA12A329B335A300C65F06 /* Products */ = {
			isa = PBXGroup;
			children = (
				E4FA12A229B335A300C65F06 /* ProjectCS_4thYear.app */,
			);
			name = Products;
			sourceTree = "<group>";
		};
		E4FA12A429B335A300C65F06 /* ProjectCS_4thYear */ = {
			isa = PBXGroup;
			children = (
				E47D37FD29B6F61400113489 /* base */,
				E47D37FC29B6F5F800113489 /* Feature */,
				E47D37C629B3EF3400113489 /* ProjectCS-4thYear-Info.plist */,
				E4FA12A529B335A300C65F06 /* ProjectCS_4thYearApp.swift */,
				E4FA12A729B335A300C65F06 /* ContentView.swift */,
				E4F5E2B329B9940F00E05189 /* NavBarView.swift */,
				E4FA12CE29B3395D00C65F06 /* NavigationView.swift */,
				E4FA12D629B339DC00C65F06 /* viewView.swift */,
				E4FA12C029B3388B00C65F06 /* createnewaccountUIView.swift */,
				E4FA12C629B338F100C65F06 /* liveView.swift */,
				E4FA12CA29B3392900C65F06 /* mapView.swift */,
				E4FA12CC29B3394000C65F06 /* myProfileView.swift */,
				E4FA12C229B338B400C65F06 /* historyView.swift */,
				E4FA12D429B339CB00C65F06 /* viewModel.swift */,
				E4FA12D029B3399F00C65F06 /* users.swift */,
				E4FA12D229B339B800C65F06 /* variables.swift */,
				E4FA12BA29B3383600C65F06 /* bluetooth.swift */,
				E4F5E2B529B9A37900E05189 /* BLE.swift */,
				E4FA12BE29B3386A00C65F06 /* BusinessView.swift */,
				E4FA12C829B3391200C65F06 /* mapController.swift */,
				E4FA12BC29B3385300C65F06 /* Business.swift */,
				E4FA12B829B3381C00C65F06 /* action.swift */,
				E4FA12A929B335A400C65F06 /* Assets.xcassets */,
				E4FA12B329B3374600C65F06 /* GoogleService-Info.plist */,
				E4FA12AB29B335A400C65F06 /* Preview Content */,
			);
			path = ProjectCS_4thYear;
			sourceTree = "<group>";
		};
		E4FA12AB29B335A400C65F06 /* Preview Content */ = {
			isa = PBXGroup;
			children = (
				E4FA12AC29B335A400C65F06 /* Preview Assets.xcassets */,
			);
			path = "Preview Content";
			sourceTree = "<group>";
		};
/* End PBXGroup section */

/* Begin PBXNativeTarget section */
		E4FA12A129B335A300C65F06 /* ProjectCS_4thYear */ = {
			isa = PBXNativeTarget;
			buildConfigurationList = E4FA12B029B335A400C65F06 /* Build configuration list for PBXNativeTarget "ProjectCS_4thYear" */;
			buildPhases = (
				E4FA129E29B335A300C65F06 /* Sources */,
				E4FA129F29B335A300C65F06 /* Frameworks */,
				E4FA12A029B335A300C65F06 /* Resources */,
			);
			buildRules = (
			);
			dependencies = (
			);
			name = ProjectCS_4thYear;
			packageProductDependencies = (
				E4FA12B629B3379800C65F06 /* FirebaseFirestore */,
				E47D37F829B6F3A800113489 /* FirebaseAuth */,
			);
			productName = ProjectCS_4thYear;
			productReference = E4FA12A229B335A300C65F06 /* ProjectCS_4thYear.app */;
			productType = "com.apple.product-type.application";
		};
/* End PBXNativeTarget section */

/* Begin PBXProject section */
		E4FA129A29B335A300C65F06 /* Project object */ = {
			isa = PBXProject;
			attributes = {
				BuildIndependentTargetsInParallel = 1;
				LastSwiftUpdateCheck = 1420;
				LastUpgradeCheck = 1420;
				TargetAttributes = {
					E4FA12A129B335A300C65F06 = {
						CreatedOnToolsVersion = 14.2;
					};
				};
			};
			buildConfigurationList = E4FA129D29B335A300C65F06 /* Build configuration list for PBXProject "ProjectCS_4thYear" */;
			compatibilityVersion = "Xcode 14.0";
			developmentRegion = en;
			hasScannedForEncodings = 0;
			knownRegions = (
				en,
				Base,
			);
			mainGroup = E4FA129929B335A300C65F06;
			packageReferences = (
				E4FA12B529B3379800C65F06 /* XCRemoteSwiftPackageReference "firebase-ios-sdk" */,
			);
			productRefGroup = E4FA12A329B335A300C65F06 /* Products */;
			projectDirPath = "";
			projectRoot = "";
			targets = (
				E4FA12A129B335A300C65F06 /* ProjectCS_4thYear */,
			);
		};
/* End PBXProject section */

/* Begin PBXResourcesBuildPhase section */
		E4FA12A029B335A300C65F06 /* Resources */ = {
			isa = PBXResourcesBuildPhase;
			buildActionMask = 2147483647;
			files = (
				E4FA12AD29B335A400C65F06 /* Preview Assets.xcassets in Resources */,
				E4FA12AA29B335A400C65F06 /* Assets.xcassets in Resources */,
				E4FA12B429B3374600C65F06 /* GoogleService-Info.plist in Resources */,
			);
			runOnlyForDeploymentPostprocessing = 0;
		};
/* End PBXResourcesBuildPhase section */

/* Begin PBXSourcesBuildPhase section */
		E4FA129E29B335A300C65F06 /* Sources */ = {
			isa = PBXSourcesBuildPhase;
			buildActionMask = 2147483647;
			files = (
				E47D380E29B70C4400113489 /* SignupView.swift in Sources */,
				E4FA12CF29B3395D00C65F06 /* NavigationView.swift in Sources */,
				E4FA12D129B3399F00C65F06 /* users.swift in Sources */,
				E4FA12CD29B3394000C65F06 /* myProfileView.swift in Sources */,
				E4FA12D329B339B800C65F06 /* variables.swift in Sources */,
				E4FA12D529B339CB00C65F06 /* viewModel.swift in Sources */,
				E47D380D29B70C4400113489 /* AuthView.swift in Sources */,
				E4FA12BF29B3386A00C65F06 /* BusinessView.swift in Sources */,
				E4FA12C329B338B400C65F06 /* historyView.swift in Sources */,
				E4FA12D729B339DC00C65F06 /* viewView.swift in Sources */,
				E4FA12BB29B3383600C65F06 /* bluetooth.swift in Sources */,
				E4FA12A829B335A300C65F06 /* ContentView.swift in Sources */,
				E4FA12C929B3391200C65F06 /* mapController.swift in Sources */,
				E4FA12CB29B3392900C65F06 /* mapView.swift in Sources */,
				E4F5E2B629B9A37900E05189 /* BLE.swift in Sources */,
				E4FA12A629B335A300C65F06 /* ProjectCS_4thYearApp.swift in Sources */,
				E4FA12BD29B3385300C65F06 /* Business.swift in Sources */,
				E4F5E2B429B9940F00E05189 /* NavBarView.swift in Sources */,
				E4FA12C729B338F100C65F06 /* liveView.swift in Sources */,
				E47D380C29B70C4400113489 /* LoginView.swift in Sources */,
				E47D381029B70C9000113489 /* String.swift in Sources */,
				E4FA12B929B3381C00C65F06 /* action.swift in Sources */,
				E4FA12C129B3388B00C65F06 /* createnewaccountUIView.swift in Sources */,
			);
			runOnlyForDeploymentPostprocessing = 0;
		};
/* End PBXSourcesBuildPhase section */

/* Begin XCBuildConfiguration section */
		E4FA12AE29B335A400C65F06 /* Debug */ = {
			isa = XCBuildConfiguration;
			buildSettings = {
				ALWAYS_SEARCH_USER_PATHS = NO;
				CLANG_ANALYZER_NONNULL = YES;
				CLANG_ANALYZER_NUMBER_OBJECT_CONVERSION = YES_AGGRESSIVE;
				CLANG_CXX_LANGUAGE_STANDARD = "gnu++20";
				CLANG_ENABLE_MODULES = YES;
				CLANG_ENABLE_OBJC_ARC = YES;
				CLANG_ENABLE_OBJC_WEAK = YES;
				CLANG_WARN_BLOCK_CAPTURE_AUTORELEASING = YES;
				CLANG_WARN_BOOL_CONVERSION = YES;
				CLANG_WARN_COMMA = YES;
				CLANG_WARN_CONSTANT_CONVERSION = YES;
				CLANG_WARN_DEPRECATED_OBJC_IMPLEMENTATIONS = YES;
				CLANG_WARN_DIRECT_OBJC_ISA_USAGE = YES_ERROR;
				CLANG_WARN_DOCUMENTATION_COMMENTS = YES;
				CLANG_WARN_EMPTY_BODY = YES;
				CLANG_WARN_ENUM_CONVERSION = YES;
				CLANG_WARN_INFINITE_RECURSION = YES;
				CLANG_WARN_INT_CONVERSION = YES;
				CLANG_WARN_NON_LITERAL_NULL_CONVERSION = YES;
				CLANG_WARN_OBJC_IMPLICIT_RETAIN_SELF = YES;
				CLANG_WARN_OBJC_LITERAL_CONVERSION = YES;
				CLANG_WARN_OBJC_ROOT_CLASS = YES_ERROR;
				CLANG_WARN_QUOTED_INCLUDE_IN_FRAMEWORK_HEADER = YES;
				CLANG_WARN_RANGE_LOOP_ANALYSIS = YES;
				CLANG_WARN_STRICT_PROTOTYPES = YES;
				CLANG_WARN_SUSPICIOUS_MOVE = YES;
				CLANG_WARN_UNGUARDED_AVAILABILITY = YES_AGGRESSIVE;
				CLANG_WARN_UNREACHABLE_CODE = YES;
				CLANG_WARN__DUPLICATE_METHOD_MATCH = YES;
				COPY_PHASE_STRIP = NO;
				DEBUG_INFORMATION_FORMAT = dwarf;
				ENABLE_STRICT_OBJC_MSGSEND = YES;
				ENABLE_TESTABILITY = YES;
				GCC_C_LANGUAGE_STANDARD = gnu11;
				GCC_DYNAMIC_NO_PIC = NO;
				GCC_NO_COMMON_BLOCKS = YES;
				GCC_OPTIMIZATION_LEVEL = 0;
				GCC_PREPROCESSOR_DEFINITIONS = (
					"DEBUG=1",
					"$(inherited)",
				);
				GCC_WARN_64_TO_32_BIT_CONVERSION = YES;
				GCC_WARN_ABOUT_RETURN_TYPE = YES_ERROR;
				GCC_WARN_UNDECLARED_SELECTOR = YES;
				GCC_WARN_UNINITIALIZED_AUTOS = YES_AGGRESSIVE;
				GCC_WARN_UNUSED_FUNCTION = YES;
				GCC_WARN_UNUSED_VARIABLE = YES;
				IPHONEOS_DEPLOYMENT_TARGET = 16.2;
				MTL_ENABLE_DEBUG_INFO = INCLUDE_SOURCE;
				MTL_FAST_MATH = YES;
				ONLY_ACTIVE_ARCH = YES;
				SDKROOT = iphoneos;
				SWIFT_ACTIVE_COMPILATION_CONDITIONS = DEBUG;
				SWIFT_OPTIMIZATION_LEVEL = "-Onone";
			};
			name = Debug;
		};
		E4FA12AF29B335A400C65F06 /* Release */ = {
			isa = XCBuildConfiguration;
			buildSettings = {
				ALWAYS_SEARCH_USER_PATHS = NO;
				CLANG_ANALYZER_NONNULL = YES;
				CLANG_ANALYZER_NUMBER_OBJECT_CONVERSION = YES_AGGRESSIVE;
				CLANG_CXX_LANGUAGE_STANDARD = "gnu++20";
				CLANG_ENABLE_MODULES = YES;
				CLANG_ENABLE_OBJC_ARC = YES;
				CLANG_ENABLE_OBJC_WEAK = YES;
				CLANG_WARN_BLOCK_CAPTURE_AUTORELEASING = YES;
				CLANG_WARN_BOOL_CONVERSION = YES;
				CLANG_WARN_COMMA = YES;
				CLANG_WARN_CONSTANT_CONVERSION = YES;
				CLANG_WARN_DEPRECATED_OBJC_IMPLEMENTATIONS = YES;
				CLANG_WARN_DIRECT_OBJC_ISA_USAGE = YES_ERROR;
				CLANG_WARN_DOCUMENTATION_COMMENTS = YES;
				CLANG_WARN_EMPTY_BODY = YES;
				CLANG_WARN_ENUM_CONVERSION = YES;
				CLANG_WARN_INFINITE_RECURSION = YES;
				CLANG_WARN_INT_CONVERSION = YES;
				CLANG_WARN_NON_LITERAL_NULL_CONVERSION = YES;
				CLANG_WARN_OBJC_IMPLICIT_RETAIN_SELF = YES;
				CLANG_WARN_OBJC_LITERAL_CONVERSION = YES;
				CLANG_WARN_OBJC_ROOT_CLASS = YES_ERROR;
				CLANG_WARN_QUOTED_INCLUDE_IN_FRAMEWORK_HEADER = YES;
				CLANG_WARN_RANGE_LOOP_ANALYSIS = YES;
				CLANG_WARN_STRICT_PROTOTYPES = YES;
				CLANG_WARN_SUSPICIOUS_MOVE = YES;
				CLANG_WARN_UNGUARDED_AVAILABILITY = YES_AGGRESSIVE;
				CLANG_WARN_UNREACHABLE_CODE = YES;
				CLANG_WARN__DUPLICATE_METHOD_MATCH = YES;
				COPY_PHASE_STRIP = NO;
				DEBUG_INFORMATION_FORMAT = "dwarf-with-dsym";
				ENABLE_NS_ASSERTIONS = NO;
				ENABLE_STRICT_OBJC_MSGSEND = YES;
				GCC_C_LANGUAGE_STANDARD = gnu11;
				GCC_NO_COMMON_BLOCKS = YES;
				GCC_WARN_64_TO_32_BIT_CONVERSION = YES;
				GCC_WARN_ABOUT_RETURN_TYPE = YES_ERROR;
				GCC_WARN_UNDECLARED_SELECTOR = YES;
				GCC_WARN_UNINITIALIZED_AUTOS = YES_AGGRESSIVE;
				GCC_WARN_UNUSED_FUNCTION = YES;
				GCC_WARN_UNUSED_VARIABLE = YES;
				IPHONEOS_DEPLOYMENT_TARGET = 16.2;
				MTL_ENABLE_DEBUG_INFO = NO;
				MTL_FAST_MATH = YES;
				SDKROOT = iphoneos;
				SWIFT_COMPILATION_MODE = wholemodule;
				SWIFT_OPTIMIZATION_LEVEL = "-O";
				VALIDATE_PRODUCT = YES;
			};
			name = Release;
		};
		E4FA12B129B335A400C65F06 /* Debug */ = {
			isa = XCBuildConfiguration;
			buildSettings = {
				ASSETCATALOG_COMPILER_APPICON_NAME = AppIcon;
				ASSETCATALOG_COMPILER_GLOBAL_ACCENT_COLOR_NAME = AccentColor;
				CODE_SIGN_STYLE = Automatic;
				CURRENT_PROJECT_VERSION = 1;
				DEVELOPMENT_ASSET_PATHS = "\"ProjectCS_4thYear/Preview Content\"";
				DEVELOPMENT_TEAM = L6UNLH3P6X;
				ENABLE_PREVIEWS = YES;
				GENERATE_INFOPLIST_FILE = YES;
				INFOPLIST_FILE = "ProjectCS-4thYear-Info.plist";
				INFOPLIST_KEY_CFBundleDisplayName = "";
				INFOPLIST_KEY_LSApplicationCategoryType = "";
				INFOPLIST_KEY_NSBluetoothAlwaysUsageDescription = "$(PRODUCT_NAME) uses Bluetooth";
				INFOPLIST_KEY_UIApplicationSceneManifest_Generation = YES;
				INFOPLIST_KEY_UIApplicationSupportsIndirectInputEvents = YES;
				INFOPLIST_KEY_UILaunchScreen_Generation = YES;
				INFOPLIST_KEY_UISupportedInterfaceOrientations_iPad = "UIInterfaceOrientationPortrait UIInterfaceOrientationPortraitUpsideDown UIInterfaceOrientationLandscapeLeft UIInterfaceOrientationLandscapeRight";
				INFOPLIST_KEY_UISupportedInterfaceOrientations_iPhone = "UIInterfaceOrientationPortrait UIInterfaceOrientationLandscapeLeft UIInterfaceOrientationLandscapeRight";
				LD_RUNPATH_SEARCH_PATHS = (
					"$(inherited)",
					"@executable_path/Frameworks",
				);
				MARKETING_VERSION = 1.0;
				PRODUCT_BUNDLE_IDENTIFIER = "com.freddysourial.ProjectCS-4thYear";
				PRODUCT_NAME = "$(TARGET_NAME)";
				SWIFT_EMIT_LOC_STRINGS = YES;
				SWIFT_VERSION = 5.0;
				TARGETED_DEVICE_FAMILY = "1,2";
			};
			name = Debug;
		};
		E4FA12B229B335A400C65F06 /* Release */ = {
			isa = XCBuildConfiguration;
			buildSettings = {
				ASSETCATALOG_COMPILER_APPICON_NAME = AppIcon;
				ASSETCATALOG_COMPILER_GLOBAL_ACCENT_COLOR_NAME = AccentColor;
				CODE_SIGN_STYLE = Automatic;
				CURRENT_PROJECT_VERSION = 1;
				DEVELOPMENT_ASSET_PATHS = "\"ProjectCS_4thYear/Preview Content\"";
				DEVELOPMENT_TEAM = L6UNLH3P6X;
				ENABLE_PREVIEWS = YES;
				GENERATE_INFOPLIST_FILE = YES;
				INFOPLIST_FILE = "ProjectCS-4thYear-Info.plist";
				INFOPLIST_KEY_CFBundleDisplayName = "";
				INFOPLIST_KEY_LSApplicationCategoryType = "";
				INFOPLIST_KEY_NSBluetoothAlwaysUsageDescription = "$(PRODUCT_NAME) uses Bluetooth";
				INFOPLIST_KEY_UIApplicationSceneManifest_Generation = YES;
				INFOPLIST_KEY_UIApplicationSupportsIndirectInputEvents = YES;
				INFOPLIST_KEY_UILaunchScreen_Generation = YES;
				INFOPLIST_KEY_UISupportedInterfaceOrientations_iPad = "UIInterfaceOrientationPortrait UIInterfaceOrientationPortraitUpsideDown UIInterfaceOrientationLandscapeLeft UIInterfaceOrientationLandscapeRight";
				INFOPLIST_KEY_UISupportedInterfaceOrientations_iPhone = "UIInterfaceOrientationPortrait UIInterfaceOrientationLandscapeLeft UIInterfaceOrientationLandscapeRight";
				LD_RUNPATH_SEARCH_PATHS = (
					"$(inherited)",
					"@executable_path/Frameworks",
				);
				MARKETING_VERSION = 1.0;
				PRODUCT_BUNDLE_IDENTIFIER = "com.freddysourial.ProjectCS-4thYear";
				PRODUCT_NAME = "$(TARGET_NAME)";
				SWIFT_EMIT_LOC_STRINGS = YES;
				SWIFT_VERSION = 5.0;
				TARGETED_DEVICE_FAMILY = "1,2";
			};
			name = Release;
		};
/* End XCBuildConfiguration section */

/* Begin XCConfigurationList section */
		E4FA129D29B335A300C65F06 /* Build configuration list for PBXProject "ProjectCS_4thYear" */ = {
			isa = XCConfigurationList;
			buildConfigurations = (
				E4FA12AE29B335A400C65F06 /* Debug */,
				E4FA12AF29B335A400C65F06 /* Release */,
			);
			defaultConfigurationIsVisible = 0;
			defaultConfigurationName = Release;
		};
		E4FA12B029B335A400C65F06 /* Build configuration list for PBXNativeTarget "ProjectCS_4thYear" */ = {
			isa = XCConfigurationList;
			buildConfigurations = (
				E4FA12B129B335A400C65F06 /* Debug */,
				E4FA12B229B335A400C65F06 /* Release */,
			);
			defaultConfigurationIsVisible = 0;
			defaultConfigurationName = Release;
		};
/* End XCConfigurationList section */

/* Begin XCRemoteSwiftPackageReference section */
		E4FA12B529B3379800C65F06 /* XCRemoteSwiftPackageReference "firebase-ios-sdk" */ = {
			isa = XCRemoteSwiftPackageReference;
			repositoryURL = "https://github.com/firebase/firebase-ios-sdk";
			requirement = {
				branch = master;
				kind = branch;
			};
		};
/* End XCRemoteSwiftPackageReference section */

/* Begin XCSwiftPackageProductDependency section */
		E47D37F829B6F3A800113489 /* FirebaseAuth */ = {
			isa = XCSwiftPackageProductDependency;
			package = E4FA12B529B3379800C65F06 /* XCRemoteSwiftPackageReference "firebase-ios-sdk" */;
			productName = FirebaseAuth;
		};
		E4FA12B629B3379800C65F06 /* FirebaseFirestore */ = {
			isa = XCSwiftPackageProductDependency;
			package = E4FA12B529B3379800C65F06 /* XCRemoteSwiftPackageReference "firebase-ios-sdk" */;
			productName = FirebaseFirestore;
		};
/* End XCSwiftPackageProductDependency section */
	};
	rootObject = E4FA129A29B335A300C65F06 /* Project object */;
}
